// !$*UTF8*$!
{
	archiveVersion = 1;
	classes = {
	};
	objectVersion = 77;
	objects = {

/* Begin PBXBuildFile section */
		0856EC872E17D276003DBAB6 /* LaunchScreen.storyboard in Resources */ = {isa = PBXBuildFile; fileRef = 0856EC832E17D276003DBAB6 /* LaunchScreen.storyboard */; };
		0856EC882E17D276003DBAB6 /* Main.storyboard in Resources */ = {isa = PBXBuildFile; fileRef = 0856EC852E17D276003DBAB6 /* Main.storyboard */; };
		0856EC8C2E17D279003DBAB6 /* AppDelegate.swift in Sources */ = {isa = PBXBuildFile; fileRef = 0856EC892E17D279003DBAB6 /* AppDelegate.swift */; };
		0856EC8D2E17D279003DBAB6 /* SceneDelegate.swift in Sources */ = {isa = PBXBuildFile; fileRef = 0856EC8A2E17D279003DBAB6 /* SceneDelegate.swift */; };
		0856EC962E17D280003DBAB6 /* ViewController.swift in Sources */ = {isa = PBXBuildFile; fileRef = 0856EC942E17D280003DBAB6 /* ViewController.swift */; };
		0856EC9A2E17D282003DBAB6 /* Assets.xcassets in Resources */ = {isa = PBXBuildFile; fileRef = 0856EC972E17D282003DBAB6 /* Assets.xcassets */; };
		0856ECA32E18C6EA003DBAB6 /* SelectionVC1.swift in Sources */ = {isa = PBXBuildFile; fileRef = 0856ECA22E18C6EA003DBAB6 /* SelectionVC1.swift */; };
		0856ECB72E18E566003DBAB6 /* CardCollectionViewCell.swift in Sources */ = {isa = PBXBuildFile; fileRef = 0856ECB62E18E566003DBAB6 /* CardCollectionViewCell.swift */; };
		0856ECB92E190F64003DBAB6 /* Card.swift in Sources */ = {isa = PBXBuildFile; fileRef = 0856ECB82E190F64003DBAB6 /* Card.swift */; };
		0856ECBB2E1923EE003DBAB6 /* SelectionVC2.swift in Sources */ = {isa = PBXBuildFile; fileRef = 0856ECBA2E1923EE003DBAB6 /* SelectionVC2.swift */; };
		0856ECBD2E1923F7003DBAB6 /* SelectionVC3.swift in Sources */ = {isa = PBXBuildFile; fileRef = 0856ECBC2E1923F7003DBAB6 /* SelectionVC3.swift */; };
		0856ECC12E192F8A003DBAB6 /* BaseSelectionVC.swift in Sources */ = {isa = PBXBuildFile; fileRef = 0856ECC02E192F8A003DBAB6 /* BaseSelectionVC.swift */; };
		2CBC51612E1B5A2F00AB5745 /* MainTabBarVC.swift in Sources */ = {isa = PBXBuildFile; fileRef = 2CBC515D2E1B5A2F00AB5745 /* MainTabBarVC.swift */; };
		2CBC51622E1B5A2F00AB5745 /* ReportVC.swift in Sources */ = {isa = PBXBuildFile; fileRef = 2CBC515E2E1B5A2F00AB5745 /* ReportVC.swift */; };
		2CBC51632E1B5A2F00AB5745 /* SettingsVC.swift in Sources */ = {isa = PBXBuildFile; fileRef = 2CBC515F2E1B5A2F00AB5745 /* SettingsVC.swift */; };
		2CBC516A2E1B5B1B00AB5745 /* PrimaryButton.swift in Sources */ = {isa = PBXBuildFile; fileRef = 2CBC51682E1B5B1B00AB5745 /* PrimaryButton.swift */; };
		2CBC516D2E1B5B1D00AB5745 /* IntroVC.swift in Sources */ = {isa = PBXBuildFile; fileRef = 2CBC516B2E1B5B1D00AB5745 /* IntroVC.swift */; };
		2CBC51732E1B5B5000AB5745 /* CardCustomView.swift in Sources */ = {isa = PBXBuildFile; fileRef = 2CBC51702E1B5B5000AB5745 /* CardCustomView.swift */; };
		2CBC51742E1B5B5000AB5745 /* PremiumCustomView.swift in Sources */ = {isa = PBXBuildFile; fileRef = 2CBC51712E1B5B5000AB5745 /* PremiumCustomView.swift */; };
		2CE076A52E1AE0B9006E9059 /* PremiumDetailVC.swift in Sources */ = {isa = PBXBuildFile; fileRef = 2CE076A32E1AE0B9006E9059 /* PremiumDetailVC.swift */; };
/* End PBXBuildFile section */

/* Begin PBXFileReference section */
		0856EC4A2E1769F7003DBAB6 /* Quang_Anh_Final_Project_UseXib.app */ = {isa = PBXFileReference; explicitFileType = wrapper.application; includeInIndex = 0; path = Quang_Anh_Final_Project_UseXib.app; sourceTree = BUILT_PRODUCTS_DIR; };
		0856EC822E17D276003DBAB6 /* Base */ = {isa = PBXFileReference; lastKnownFileType = file.storyboard; name = Base; path = Base.lproj/LaunchScreen.storyboard; sourceTree = "<group>"; };
		0856EC842E17D276003DBAB6 /* Base */ = {isa = PBXFileReference; lastKnownFileType = file.storyboard; name = Base; path = Base.lproj/Main.storyboard; sourceTree = "<group>"; };
		0856EC892E17D279003DBAB6 /* AppDelegate.swift */ = {isa = PBXFileReference; lastKnownFileType = sourcecode.swift; path = AppDelegate.swift; sourceTree = "<group>"; };
		0856EC8A2E17D279003DBAB6 /* SceneDelegate.swift */ = {isa = PBXFileReference; lastKnownFileType = sourcecode.swift; path = SceneDelegate.swift; sourceTree = "<group>"; };
		0856EC942E17D280003DBAB6 /* ViewController.swift */ = {isa = PBXFileReference; lastKnownFileType = sourcecode.swift; path = ViewController.swift; sourceTree = "<group>"; };
		0856EC972E17D282003DBAB6 /* Assets.xcassets */ = {isa = PBXFileReference; lastKnownFileType = folder.assetcatalog; path = Assets.xcassets; sourceTree = "<group>"; };
		0856EC982E17D282003DBAB6 /* Info.plist */ = {isa = PBXFileReference; lastKnownFileType = text.plist.xml; path = Info.plist; sourceTree = "<group>"; };
		0856ECA22E18C6EA003DBAB6 /* SelectionVC1.swift */ = {isa = PBXFileReference; lastKnownFileType = sourcecode.swift; path = SelectionVC1.swift; sourceTree = "<group>"; };
		0856ECB62E18E566003DBAB6 /* CardCollectionViewCell.swift */ = {isa = PBXFileReference; lastKnownFileType = sourcecode.swift; path = CardCollectionViewCell.swift; sourceTree = "<group>"; };
		0856ECB82E190F64003DBAB6 /* Card.swift */ = {isa = PBXFileReference; lastKnownFileType = sourcecode.swift; path = Card.swift; sourceTree = "<group>"; };
		0856ECBA2E1923EE003DBAB6 /* SelectionVC2.swift */ = {isa = PBXFileReference; lastKnownFileType = sourcecode.swift; path = SelectionVC2.swift; sourceTree = "<group>"; };
		0856ECBC2E1923F7003DBAB6 /* SelectionVC3.swift */ = {isa = PBXFileReference; lastKnownFileType = sourcecode.swift; path = SelectionVC3.swift; sourceTree = "<group>"; };
		0856ECC02E192F8A003DBAB6 /* BaseSelectionVC.swift */ = {isa = PBXFileReference; lastKnownFileType = sourcecode.swift; path = BaseSelectionVC.swift; sourceTree = "<group>"; };
		2CBC515D2E1B5A2F00AB5745 /* MainTabBarVC.swift */ = {isa = PBXFileReference; lastKnownFileType = sourcecode.swift; path = MainTabBarVC.swift; sourceTree = "<group>"; };
		2CBC515E2E1B5A2F00AB5745 /* ReportVC.swift */ = {isa = PBXFileReference; lastKnownFileType = sourcecode.swift; path = ReportVC.swift; sourceTree = "<group>"; };
		2CBC515F2E1B5A2F00AB5745 /* SettingsVC.swift */ = {isa = PBXFileReference; lastKnownFileType = sourcecode.swift; path = SettingsVC.swift; sourceTree = "<group>"; };
		2CBC51682E1B5B1B00AB5745 /* PrimaryButton.swift */ = {isa = PBXFileReference; lastKnownFileType = sourcecode.swift; path = PrimaryButton.swift; sourceTree = "<group>"; };
		2CBC516B2E1B5B1D00AB5745 /* IntroVC.swift */ = {isa = PBXFileReference; lastKnownFileType = sourcecode.swift; path = IntroVC.swift; sourceTree = "<group>"; };
		2CBC51702E1B5B5000AB5745 /* CardCustomView.swift */ = {isa = PBXFileReference; lastKnownFileType = sourcecode.swift; path = CardCustomView.swift; sourceTree = "<group>"; };
		2CBC51712E1B5B5000AB5745 /* PremiumCustomView.swift */ = {isa = PBXFileReference; lastKnownFileType = sourcecode.swift; path = PremiumCustomView.swift; sourceTree = "<group>"; };
		2CE076A32E1AE0B9006E9059 /* PremiumDetailVC.swift */ = {isa = PBXFileReference; lastKnownFileType = sourcecode.swift; path = PremiumDetailVC.swift; sourceTree = "<group>"; };
/* End PBXFileReference section */

/* Begin PBXFrameworksBuildPhase section */
		0856EC472E1769F7003DBAB6 /* Frameworks */ = {
			isa = PBXFrameworksBuildPhase;
			buildActionMask = 2147483647;
			files = (
			);
			runOnlyForDeploymentPostprocessing = 0;
		};
/* End PBXFrameworksBuildPhase section */

/* Begin PBXGroup section */
		0856EC412E1769F7003DBAB6 = {
			isa = PBXGroup;
			children = (
				0856EC6C2E17CD85003DBAB6 /* Quang_Anh_Final_Project_UseXib */,
				0856EC4B2E1769F7003DBAB6 /* Products */,
			);
			sourceTree = "<group>";
		};
		0856EC4B2E1769F7003DBAB6 /* Products */ = {
			isa = PBXGroup;
			children = (
				0856EC4A2E1769F7003DBAB6 /* Quang_Anh_Final_Project_UseXib.app */,
			);
			name = Products;
			sourceTree = "<group>";
		};
		0856EC6C2E17CD85003DBAB6 /* Quang_Anh_Final_Project_UseXib */ = {
			isa = PBXGroup;
			children = (
				0856EC8B2E17D279003DBAB6 /* App */,
				0856EC8E2E17D27B003DBAB6 /* Model */,
				0856EC952E17D280003DBAB6 /* Controller */,
				0856EC912E17D27E003DBAB6 /* View */,
				0856EC992E17D282003DBAB6 /* Resources */,
				0856EC862E17D276003DBAB6 /* Storyboards */,
			);
			path = Quang_Anh_Final_Project_UseXib;
			sourceTree = "<group>";
		};
		0856EC862E17D276003DBAB6 /* Storyboards */ = {
			isa = PBXGroup;
			children = (
				0856EC832E17D276003DBAB6 /* LaunchScreen.storyboard */,
				0856EC852E17D276003DBAB6 /* Main.storyboard */,
			);
			path = Storyboards;
			sourceTree = "<group>";
		};
		0856EC8B2E17D279003DBAB6 /* App */ = {
			isa = PBXGroup;
			children = (
				0856EC892E17D279003DBAB6 /* AppDelegate.swift */,
				0856EC8A2E17D279003DBAB6 /* SceneDelegate.swift */,
			);
			path = App;
			sourceTree = "<group>";
		};
		0856EC8E2E17D27B003DBAB6 /* Model */ = {
			isa = PBXGroup;
			children = (
				0856ECB82E190F64003DBAB6 /* Card.swift */,
			);
			path = Model;
			sourceTree = "<group>";
		};
		0856EC912E17D27E003DBAB6 /* View */ = {
			isa = PBXGroup;
			children = (
				2CBC51662E1B5B0200AB5745 /* Components */,
				0856EC9F2E17D8E8003DBAB6 /* Base */,
			);
			path = View;
			sourceTree = "<group>";
		};
		0856EC952E17D280003DBAB6 /* Controller */ = {
			isa = PBXGroup;
			children = (
				2CBC51652E1B5AD000AB5745 /* Premium */,
				2CBC516C2E1B5B1D00AB5745 /* Introduction */,
				2CBC51602E1B5A2F00AB5745 /* Root */,
				0856EC942E17D280003DBAB6 /* ViewController.swift */,
			);
			path = Controller;
			sourceTree = "<group>";
		};
		0856EC992E17D282003DBAB6 /* Resources */ = {
			isa = PBXGroup;
			children = (
				0856EC972E17D282003DBAB6 /* Assets.xcassets */,
				0856EC982E17D282003DBAB6 /* Info.plist */,
			);
			path = Resources;
			sourceTree = "<group>";
		};
		0856EC9F2E17D8E8003DBAB6 /* Base */ = {
			isa = PBXGroup;
			children = (
				0856ECC02E192F8A003DBAB6 /* BaseSelectionVC.swift */,
			);
			path = Base;
			sourceTree = "<group>";
		};
		0856ECC62E1A12E0003DBAB6 /* Introduction */ = {
			isa = PBXGroup;
			children = (
				0856ECA22E18C6EA003DBAB6 /* SelectionVC1.swift */,
				0856ECBA2E1923EE003DBAB6 /* SelectionVC2.swift */,
				0856ECBC2E1923F7003DBAB6 /* SelectionVC3.swift */,
			);
			path = Introduction;
			sourceTree = "<group>";
		};
		2CBC51602E1B5A2F00AB5745 /* Root */ = {
			isa = PBXGroup;
			children = (
				2CBC515D2E1B5A2F00AB5745 /* MainTabBarVC.swift */,
				2CBC515E2E1B5A2F00AB5745 /* ReportVC.swift */,
				2CBC515F2E1B5A2F00AB5745 /* SettingsVC.swift */,
			);
			path = Root;
			sourceTree = "<group>";
		};
		2CBC51652E1B5AD000AB5745 /* Premium */ = {
			isa = PBXGroup;
			children = (
				0856ECC62E1A12E0003DBAB6 /* Introduction */,
				2CE076A32E1AE0B9006E9059 /* PremiumDetailVC.swift */,
			);
			path = Premium;
			sourceTree = "<group>";
		};
		2CBC51662E1B5B0200AB5745 /* Components */ = {
			isa = PBXGroup;
			children = (
				2CBC51722E1B5B5000AB5745 /* Views */,
				2CBC51692E1B5B1B00AB5745 /* Buttons */,
				2CBC516E2E1B5B3000AB5745 /* Cells */,
			);
			path = Components;
			sourceTree = "<group>";
		};
		2CBC51692E1B5B1B00AB5745 /* Buttons */ = {
			isa = PBXGroup;
			children = (
				2CBC51682E1B5B1B00AB5745 /* PrimaryButton.swift */,
			);
			path = Buttons;
			sourceTree = "<group>";
		};
		2CBC516C2E1B5B1D00AB5745 /* Introduction */ = {
			isa = PBXGroup;
			children = (
				2CBC516B2E1B5B1D00AB5745 /* IntroVC.swift */,
			);
			path = Introduction;
			sourceTree = "<group>";
		};
		2CBC516E2E1B5B3000AB5745 /* Cells */ = {
			isa = PBXGroup;
			children = (
				0856ECB62E18E566003DBAB6 /* CardCollectionViewCell.swift */,
			);
			path = Cells;
			sourceTree = "<group>";
		};
		2CBC51722E1B5B5000AB5745 /* Views */ = {
			isa = PBXGroup;
			children = (
				2CBC51702E1B5B5000AB5745 /* CardCustomView.swift */,
				2CBC51712E1B5B5000AB5745 /* PremiumCustomView.swift */,
			);
			path = Views;
			sourceTree = "<group>";
		};
/* End PBXGroup section */

/* Begin PBXNativeTarget section */
		0856EC492E1769F7003DBAB6 /* Quang_Anh_Final_Project_UseXib */ = {
			isa = PBXNativeTarget;
			buildConfigurationList = 0856EC5D2E1769F9003DBAB6 /* Build configuration list for PBXNativeTarget "Quang_Anh_Final_Project_UseXib" */;
			buildPhases = (
				0856EC462E1769F7003DBAB6 /* Sources */,
				0856EC472E1769F7003DBAB6 /* Frameworks */,
				0856EC482E1769F7003DBAB6 /* Resources */,
			);
			buildRules = (
			);
			dependencies = (
			);
			name = Quang_Anh_Final_Project_UseXib;
			packageProductDependencies = (
			);
			productName = Quang_Anh_Final_Project_UseXib;
			productReference = 0856EC4A2E1769F7003DBAB6 /* Quang_Anh_Final_Project_UseXib.app */;
			productType = "com.apple.product-type.application";
		};
/* End PBXNativeTarget section */

/* Begin PBXProject section */
		0856EC422E1769F7003DBAB6 /* Project object */ = {
			isa = PBXProject;
			attributes = {
				BuildIndependentTargetsInParallel = 1;
				LastSwiftUpdateCheck = 1640;
				LastUpgradeCheck = 1640;
				TargetAttributes = {
					0856EC492E1769F7003DBAB6 = {
						CreatedOnToolsVersion = 16.4;
					};
				};
			};
			buildConfigurationList = 0856EC452E1769F7003DBAB6 /* Build configuration list for PBXProject "Quang_Anh_Final_Project_UseXib" */;
			developmentRegion = en;
			hasScannedForEncodings = 0;
			knownRegions = (
				en,
				Base,
			);
			mainGroup = 0856EC412E1769F7003DBAB6;
			minimizedProjectReferenceProxies = 1;
			preferredProjectObjectVersion = 77;
			productRefGroup = 0856EC4B2E1769F7003DBAB6 /* Products */;
			projectDirPath = "";
			projectRoot = "";
			targets = (
				0856EC492E1769F7003DBAB6 /* Quang_Anh_Final_Project_UseXib */,
			);
		};
/* End PBXProject section */

/* Begin PBXResourcesBuildPhase section */
		0856EC482E1769F7003DBAB6 /* Resources */ = {
			isa = PBXResourcesBuildPhase;
			buildActionMask = 2147483647;
			files = (
				0856EC872E17D276003DBAB6 /* LaunchScreen.storyboard in Resources */,
				0856EC9A2E17D282003DBAB6 /* Assets.xcassets in Resources */,
				0856EC882E17D276003DBAB6 /* Main.storyboard in Resources */,
			);
			runOnlyForDeploymentPostprocessing = 0;
		};
/* End PBXResourcesBuildPhase section */

/* Begin PBXSourcesBuildPhase section */
		0856EC462E1769F7003DBAB6 /* Sources */ = {
			isa = PBXSourcesBuildPhase;
			buildActionMask = 2147483647;
			files = (
				2CBC51732E1B5B5000AB5745 /* CardCustomView.swift in Sources */,
				2CBC51742E1B5B5000AB5745 /* PremiumCustomView.swift in Sources */,
				2CBC516A2E1B5B1B00AB5745 /* PrimaryButton.swift in Sources */,
				0856EC8C2E17D279003DBAB6 /* AppDelegate.swift in Sources */,
				0856ECB92E190F64003DBAB6 /* Card.swift in Sources */,
				0856ECC12E192F8A003DBAB6 /* BaseSelectionVC.swift in Sources */,
				0856ECA32E18C6EA003DBAB6 /* SelectionVC1.swift in Sources */,
				0856ECBD2E1923F7003DBAB6 /* SelectionVC3.swift in Sources */,
				0856EC962E17D280003DBAB6 /* ViewController.swift in Sources */,
				2CBC51612E1B5A2F00AB5745 /* MainTabBarVC.swift in Sources */,
				2CBC51622E1B5A2F00AB5745 /* ReportVC.swift in Sources */,
				2CBC51632E1B5A2F00AB5745 /* SettingsVC.swift in Sources */,
				0856ECBB2E1923EE003DBAB6 /* SelectionVC2.swift in Sources */,
				2CE076A52E1AE0B9006E9059 /* PremiumDetailVC.swift in Sources */,
				0856ECB72E18E566003DBAB6 /* CardCollectionViewCell.swift in Sources */,
				0856EC8D2E17D279003DBAB6 /* SceneDelegate.swift in Sources */,
				2CBC516D2E1B5B1D00AB5745 /* IntroVC.swift in Sources */,
			);
			runOnlyForDeploymentPostprocessing = 0;
		};
/* End PBXSourcesBuildPhase section */

/* Begin PBXVariantGroup section */
		0856EC832E17D276003DBAB6 /* LaunchScreen.storyboard */ = {
			isa = PBXVariantGroup;
			children = (
				0856EC822E17D276003DBAB6 /* Base */,
			);
			name = LaunchScreen.storyboard;
			sourceTree = "<group>";
		};
		0856EC852E17D276003DBAB6 /* Main.storyboard */ = {
			isa = PBXVariantGroup;
			children = (
				0856EC842E17D276003DBAB6 /* Base */,
			);
			name = Main.storyboard;
			sourceTree = "<group>";
		};
/* End PBXVariantGroup section */

/* Begin XCBuildConfiguration section */
		0856EC5E2E1769F9003DBAB6 /* Debug */ = {
			isa = XCBuildConfiguration;
			buildSettings = {
				ASSETCATALOG_COMPILER_APPICON_NAME = AppIcon;
				ASSETCATALOG_COMPILER_GLOBAL_ACCENT_COLOR_NAME = AccentColor;
				CODE_SIGN_STYLE = Automatic;
				CURRENT_PROJECT_VERSION = 1;
				DEVELOPMENT_TEAM = WT5PJGD97N;
				GENERATE_INFOPLIST_FILE = YES;
				INFOPLIST_FILE = Quang_Anh_Final_Project_UseXib/Resources/Info.plist;
				INFOPLIST_KEY_UIApplicationSupportsIndirectInputEvents = YES;
				INFOPLIST_KEY_UILaunchStoryboardName = LaunchScreen;
				INFOPLIST_KEY_UIMainStoryboardFile = Main;
				INFOPLIST_KEY_UISupportedInterfaceOrientations_iPad = "UIInterfaceOrientationPortrait UIInterfaceOrientationPortraitUpsideDown UIInterfaceOrientationLandscapeLeft UIInterfaceOrientationLandscapeRight";
				INFOPLIST_KEY_UISupportedInterfaceOrientations_iPhone = "UIInterfaceOrientationPortrait UIInterfaceOrientationLandscapeLeft UIInterfaceOrientationLandscapeRight";
				LD_RUNPATH_SEARCH_PATHS = (
					"$(inherited)",
					"@executable_path/Frameworks",
				);
				MARKETING_VERSION = 1.0;
				PRODUCT_BUNDLE_IDENTIFIER = "quanganh2405.Quang-Anh-Final-Project-UseXib";
				PRODUCT_NAME = "$(TARGET_NAME)";
				SWIFT_EMIT_LOC_STRINGS = YES;
				SWIFT_VERSION = 5.0;
				TARGETED_DEVICE_FAMILY = "1,2";
			};
			name = Debug;
		};
		0856EC5F2E1769F9003DBAB6 /* Release */ = {
			isa = XCBuildConfiguration;
			buildSettings = {
				ASSETCATALOG_COMPILER_APPICON_NAME = AppIcon;
				ASSETCATALOG_COMPILER_GLOBAL_ACCENT_COLOR_NAME = AccentColor;
				CODE_SIGN_STYLE = Automatic;
				CURRENT_PROJECT_VERSION = 1;
				DEVELOPMENT_TEAM = WT5PJGD97N;
				GENERATE_INFOPLIST_FILE = YES;
				INFOPLIST_FILE = Quang_Anh_Final_Project_UseXib/Resources/Info.plist;
				INFOPLIST_KEY_UIApplicationSupportsIndirectInputEvents = YES;
				INFOPLIST_KEY_UILaunchStoryboardName = LaunchScreen;
				INFOPLIST_KEY_UIMainStoryboardFile = Main;
				INFOPLIST_KEY_UISupportedInterfaceOrientations_iPad = "UIInterfaceOrientationPortrait UIInterfaceOrientationPortraitUpsideDown UIInterfaceOrientationLandscapeLeft UIInterfaceOrientationLandscapeRight";
				INFOPLIST_KEY_UISupportedInterfaceOrientations_iPhone = "UIInterfaceOrientationPortrait UIInterfaceOrientationLandscapeLeft UIInterfaceOrientationLandscapeRight";
				LD_RUNPATH_SEARCH_PATHS = (
					"$(inherited)",
					"@executable_path/Frameworks",
				);
				MARKETING_VERSION = 1.0;
				PRODUCT_BUNDLE_IDENTIFIER = "quanganh2405.Quang-Anh-Final-Project-UseXib";
				PRODUCT_NAME = "$(TARGET_NAME)";
				SWIFT_EMIT_LOC_STRINGS = YES;
				SWIFT_VERSION = 5.0;
				TARGETED_DEVICE_FAMILY = "1,2";
			};
			name = Release;
		};
		0856EC602E1769F9003DBAB6 /* Debug */ = {
			isa = XCBuildConfiguration;
			buildSettings = {
				ALWAYS_SEARCH_USER_PATHS = NO;
				ASSETCATALOG_COMPILER_GENERATE_SWIFT_ASSET_SYMBOL_EXTENSIONS = YES;
				CLANG_ANALYZER_NONNULL = YES;
				CLANG_ANALYZER_NUMBER_OBJECT_CONVERSION = YES_AGGRESSIVE;
				CLANG_CXX_LANGUAGE_STANDARD = "gnu++20";
				CLANG_ENABLE_MODULES = YES;
				CLANG_ENABLE_OBJC_ARC = YES;
				CLANG_ENABLE_OBJC_WEAK = YES;
				CLANG_WARN_BLOCK_CAPTURE_AUTORELEASING = YES;
				CLANG_WARN_BOOL_CONVERSION = YES;
				CLANG_WARN_COMMA = YES;
				CLANG_WARN_CONSTANT_CONVERSION = YES;
				CLANG_WARN_DEPRECATED_OBJC_IMPLEMENTATIONS = YES;
				CLANG_WARN_DIRECT_OBJC_ISA_USAGE = YES_ERROR;
				CLANG_WARN_DOCUMENTATION_COMMENTS = YES;
				CLANG_WARN_EMPTY_BODY = YES;
				CLANG_WARN_ENUM_CONVERSION = YES;
				CLANG_WARN_INFINITE_RECURSION = YES;
				CLANG_WARN_INT_CONVERSION = YES;
				CLANG_WARN_NON_LITERAL_NULL_CONVERSION = YES;
				CLANG_WARN_OBJC_IMPLICIT_RETAIN_SELF = YES;
				CLANG_WARN_OBJC_LITERAL_CONVERSION = YES;
				CLANG_WARN_OBJC_ROOT_CLASS = YES_ERROR;
				CLANG_WARN_QUOTED_INCLUDE_IN_FRAMEWORK_HEADER = YES;
				CLANG_WARN_RANGE_LOOP_ANALYSIS = YES;
				CLANG_WARN_STRICT_PROTOTYPES = YES;
				CLANG_WARN_SUSPICIOUS_MOVE = YES;
				CLANG_WARN_UNGUARDED_AVAILABILITY = YES_AGGRESSIVE;
				CLANG_WARN_UNREACHABLE_CODE = YES;
				CLANG_WARN__DUPLICATE_METHOD_MATCH = YES;
				COPY_PHASE_STRIP = NO;
				DEBUG_INFORMATION_FORMAT = dwarf;
				DEVELOPMENT_TEAM = WT5PJGD97N;
				ENABLE_STRICT_OBJC_MSGSEND = YES;
				ENABLE_TESTABILITY = YES;
				ENABLE_USER_SCRIPT_SANDBOXING = YES;
				GCC_C_LANGUAGE_STANDARD = gnu17;
				GCC_DYNAMIC_NO_PIC = NO;
				GCC_NO_COMMON_BLOCKS = YES;
				GCC_OPTIMIZATION_LEVEL = 0;
				GCC_PREPROCESSOR_DEFINITIONS = (
					"DEBUG=1",
					"$(inherited)",
				);
				GCC_WARN_64_TO_32_BIT_CONVERSION = YES;
				GCC_WARN_ABOUT_RETURN_TYPE = YES_ERROR;
				GCC_WARN_UNDECLARED_SELECTOR = YES;
				GCC_WARN_UNINITIALIZED_AUTOS = YES_AGGRESSIVE;
				GCC_WARN_UNUSED_FUNCTION = YES;
				GCC_WARN_UNUSED_VARIABLE = YES;
				IPHONEOS_DEPLOYMENT_TARGET = 18.5;
				LOCALIZATION_PREFERS_STRING_CATALOGS = YES;
				MTL_ENABLE_DEBUG_INFO = INCLUDE_SOURCE;
				MTL_FAST_MATH = YES;
				ONLY_ACTIVE_ARCH = YES;
				SDKROOT = iphoneos;
				SWIFT_ACTIVE_COMPILATION_CONDITIONS = "DEBUG $(inherited)";
				SWIFT_OPTIMIZATION_LEVEL = "-Onone";
			};
			name = Debug;
		};
		0856EC612E1769F9003DBAB6 /* Release */ = {
			isa = XCBuildConfiguration;
			buildSettings = {
				ALWAYS_SEARCH_USER_PATHS = NO;
				ASSETCATALOG_COMPILER_GENERATE_SWIFT_ASSET_SYMBOL_EXTENSIONS = YES;
				CLANG_ANALYZER_NONNULL = YES;
				CLANG_ANALYZER_NUMBER_OBJECT_CONVERSION = YES_AGGRESSIVE;
				CLANG_CXX_LANGUAGE_STANDARD = "gnu++20";
				CLANG_ENABLE_MODULES = YES;
				CLANG_ENABLE_OBJC_ARC = YES;
				CLANG_ENABLE_OBJC_WEAK = YES;
				CLANG_WARN_BLOCK_CAPTURE_AUTORELEASING = YES;
				CLANG_WARN_BOOL_CONVERSION = YES;
				CLANG_WARN_COMMA = YES;
				CLANG_WARN_CONSTANT_CONVERSION = YES;
				CLANG_WARN_DEPRECATED_OBJC_IMPLEMENTATIONS = YES;
				CLANG_WARN_DIRECT_OBJC_ISA_USAGE = YES_ERROR;
				CLANG_WARN_DOCUMENTATION_COMMENTS = YES;
				CLANG_WARN_EMPTY_BODY = YES;
				CLANG_WARN_ENUM_CONVERSION = YES;
				CLANG_WARN_INFINITE_RECURSION = YES;
				CLANG_WARN_INT_CONVERSION = YES;
				CLANG_WARN_NON_LITERAL_NULL_CONVERSION = YES;
				CLANG_WARN_OBJC_IMPLICIT_RETAIN_SELF = YES;
				CLANG_WARN_OBJC_LITERAL_CONVERSION = YES;
				CLANG_WARN_OBJC_ROOT_CLASS = YES_ERROR;
				CLANG_WARN_QUOTED_INCLUDE_IN_FRAMEWORK_HEADER = YES;
				CLANG_WARN_RANGE_LOOP_ANALYSIS = YES;
				CLANG_WARN_STRICT_PROTOTYPES = YES;
				CLANG_WARN_SUSPICIOUS_MOVE = YES;
				CLANG_WARN_UNGUARDED_AVAILABILITY = YES_AGGRESSIVE;
				CLANG_WARN_UNREACHABLE_CODE = YES;
				CLANG_WARN__DUPLICATE_METHOD_MATCH = YES;
				COPY_PHASE_STRIP = NO;
				DEBUG_INFORMATION_FORMAT = "dwarf-with-dsym";
				DEVELOPMENT_TEAM = WT5PJGD97N;
				ENABLE_NS_ASSERTIONS = NO;
				ENABLE_STRICT_OBJC_MSGSEND = YES;
				ENABLE_USER_SCRIPT_SANDBOXING = YES;
				GCC_C_LANGUAGE_STANDARD = gnu17;
				GCC_NO_COMMON_BLOCKS = YES;
				GCC_WARN_64_TO_32_BIT_CONVERSION = YES;
				GCC_WARN_ABOUT_RETURN_TYPE = YES_ERROR;
				GCC_WARN_UNDECLARED_SELECTOR = YES;
				GCC_WARN_UNINITIALIZED_AUTOS = YES_AGGRESSIVE;
				GCC_WARN_UNUSED_FUNCTION = YES;
				GCC_WARN_UNUSED_VARIABLE = YES;
				IPHONEOS_DEPLOYMENT_TARGET = 18.5;
				LOCALIZATION_PREFERS_STRING_CATALOGS = YES;
				MTL_ENABLE_DEBUG_INFO = NO;
				MTL_FAST_MATH = YES;
				SDKROOT = iphoneos;
				SWIFT_COMPILATION_MODE = wholemodule;
				VALIDATE_PRODUCT = YES;
			};
			name = Release;
		};
/* End XCBuildConfiguration section */

/* Begin XCConfigurationList section */
		0856EC452E1769F7003DBAB6 /* Build configuration list for PBXProject "Quang_Anh_Final_Project_UseXib" */ = {
			isa = XCConfigurationList;
			buildConfigurations = (
				0856EC602E1769F9003DBAB6 /* Debug */,
				0856EC612E1769F9003DBAB6 /* Release */,
			);
			defaultConfigurationIsVisible = 0;
			defaultConfigurationName = Release;
		};
		0856EC5D2E1769F9003DBAB6 /* Build configuration list for PBXNativeTarget "Quang_Anh_Final_Project_UseXib" */ = {
			isa = XCConfigurationList;
			buildConfigurations = (
				0856EC5E2E1769F9003DBAB6 /* Debug */,
				0856EC5F2E1769F9003DBAB6 /* Release */,
			);
			defaultConfigurationIsVisible = 0;
			defaultConfigurationName = Release;
		};
/* End XCConfigurationList section */
	};
	rootObject = 0856EC422E1769F7003DBAB6 /* Project object */;
}
